
Microsoft Visual Studio Solution File, Format Version 12.00
# Visual Studio 15
VisualStudioVersion = 15.0.28010.2046
MinimumVisualStudioVersion = 10.0.40219.1
Project("{FAE04EC0-301F-11D3-BF4B-00C04F79EFBC}") = "Lottery", "Lottery\Lottery.csproj", "{866C1CD1-8628-4488-9096-76A5D770605E}"
EndProject
Global
	GlobalSection(SolutionConfigurationPlatforms) = preSolution
		Debug|Any CPU = Debug|Any CPU
		Release|Any CPU = Release|Any CPU
	EndGlobalSection
	GlobalSection(ProjectConfigurationPlatforms) = postSolution
		{866C1CD1-8628-4488-9096-76A5D770605E}.Debug|Any CPU.ActiveCfg = Debug|Any CPU
		{866C1CD1-8628-4488-9096-76A5D770605E}.Debug|Any CPU.Build.0 = Debug|Any CPU
		{866C1CD1-8628-4488-9096-76A5D770605E}.Release|Any CPU.ActiveCfg = Release|Any CPU
		{866C1CD1-8628-4488-9096-76A5D770605E}.Release|Any CPU.Build.0 = Release|Any CPU
	EndGlobalSection
	GlobalSection(SolutionProperties) = preSolution
		HideSolutionNode = FALSE
	EndGlobalSection
	GlobalSection(ExtensibilityGlobals) = postSolution
		SolutionGuid = {F6438B89-9E33-4B00-AABD-FC373455112A}
	EndGlobalSection
EndGlobal
